// !$*UTF8*$!
{
	archiveVersion = 1;
	classes = {
	};
	objectVersion = 46;
	objects = {

/* Begin PBXBuildFile section */
		CE667AFE1A221BB400A0AC1B /* main.m in Sources */ = {isa = PBXBuildFile; fileRef = CE667AFD1A221BB400A0AC1B /* main.m */; };
		CE667B011A221BB400A0AC1B /* AppDelegate.m in Sources */ = {isa = PBXBuildFile; fileRef = CE667B001A221BB400A0AC1B /* AppDelegate.m */; };
		CE667B041A221BB400A0AC1B /* ViewController.m in Sources */ = {isa = PBXBuildFile; fileRef = CE667B031A221BB400A0AC1B /* ViewController.m */; };
		CE667B071A221BB400A0AC1B /* Main.storyboard in Resources */ = {isa = PBXBuildFile; fileRef = CE667B051A221BB400A0AC1B /* Main.storyboard */; };
		CE667B091A221BB400A0AC1B /* Images.xcassets in Resources */ = {isa = PBXBuildFile; fileRef = CE667B081A221BB400A0AC1B /* Images.xcassets */; };
		CE667B0C1A221BB400A0AC1B /* LaunchScreen.xib in Resources */ = {isa = PBXBuildFile; fileRef = CE667B0A1A221BB400A0AC1B /* LaunchScreen.xib */; };
		CE667B181A221BB400A0AC1B /* Pirate_assignmentTests.m in Sources */ = {isa = PBXBuildFile; fileRef = CE667B171A221BB400A0AC1B /* Pirate_assignmentTests.m */; };
/* End PBXBuildFile section */

/* Begin PBXContainerItemProxy section */
		CE667B121A221BB400A0AC1B /* PBXContainerItemProxy */ = {
			isa = PBXContainerItemProxy;
			containerPortal = CE667AF01A221BB300A0AC1B /* Project object */;
			proxyType = 1;
			remoteGlobalIDString = CE667AF71A221BB300A0AC1B;
			remoteInfo = "Pirate assignment";
		};
/* End PBXContainerItemProxy section */

/* Begin PBXFileReference section */
		CE667AF81A221BB300A0AC1B /* Pirate assignment.app */ = {isa = PBXFileReference; explicitFileType = wrapper.application; includeInIndex = 0; path = "Pirate assignment.app"; sourceTree = BUILT_PRODUCTS_DIR; };
		CE667AFC1A221BB400A0AC1B /* Info.plist */ = {isa = PBXFileReference; lastKnownFileType = text.plist.xml; path = Info.plist; sourceTree = "<group>"; };
		CE667AFD1A221BB400A0AC1B /* main.m */ = {isa = PBXFileReference; lastKnownFileType = sourcecode.c.objc; path = main.m; sourceTree = "<group>"; };
		CE667AFF1A221BB400A0AC1B /* AppDelegate.h */ = {isa = PBXFileReference; lastKnownFileType = sourcecode.c.h; path = AppDelegate.h; sourceTree = "<group>"; };
		CE667B001A221BB400A0AC1B /* AppDelegate.m */ = {isa = PBXFileReference; lastKnownFileType = sourcecode.c.objc; path = AppDelegate.m; sourceTree = "<group>"; };
		CE667B021A221BB400A0AC1B /* ViewController.h */ = {isa = PBXFileReference; lastKnownFileType = sourcecode.c.h; path = ViewController.h; sourceTree = "<group>"; };
		CE667B031A221BB400A0AC1B /* ViewController.m */ = {isa = PBXFileReference; lastKnownFileType = sourcecode.c.objc; path = ViewController.m; sourceTree = "<group>"; };
		CE667B061A221BB400A0AC1B /* Base */ = {isa = PBXFileReference; lastKnownFileType = file.storyboard; name = Base; path = Base.lproj/Main.storyboard; sourceTree = "<group>"; };
		CE667B081A221BB400A0AC1B /* Images.xcassets */ = {isa = PBXFileReference; lastKnownFileType = folder.assetcatalog; path = Images.xcassets; sourceTree = "<group>"; };
		CE667B0B1A221BB400A0AC1B /* Base */ = {isa = PBXFileReference; lastKnownFileType = file.xib; name = Base; path = Base.lproj/LaunchScreen.xib; sourceTree = "<group>"; };
		CE667B111A221BB400A0AC1B /* Pirate assignmentTests.xctest */ = {isa = PBXFileReference; explicitFileType = wrapper.cfbundle; includeInIndex = 0; path = "Pirate assignmentTests.xctest"; sourceTree = BUILT_PRODUCTS_DIR; };
		CE667B161A221BB400A0AC1B /* Info.plist */ = {isa = PBXFileReference; lastKnownFileType = text.plist.xml; path = Info.plist; sourceTree = "<group>"; };
		CE667B171A221BB400A0AC1B /* Pirate_assignmentTests.m */ = {isa = PBXFileReference; lastKnownFileType = sourcecode.c.objc; path = Pirate_assignmentTests.m; sourceTree = "<group>"; };
/* End PBXFileReference section */

/* Begin PBXFrameworksBuildPhase section */
		CE667AF51A221BB300A0AC1B /* Frameworks */ = {
			isa = PBXFrameworksBuildPhase;
			buildActionMask = 2147483647;
			files = (
			);
			runOnlyForDeploymentPostprocessing = 0;
		};
		CE667B0E1A221BB400A0AC1B /* Frameworks */ = {
			isa = PBXFrameworksBuildPhase;
			buildActionMask = 2147483647;
			files = (
			);
			runOnlyForDeploymentPostprocessing = 0;
		};
/* End PBXFrameworksBuildPhase section */

/* Begin PBXGroup section */
		CE667AEF1A221BB300A0AC1B = {
			isa = PBXGroup;
			children = (
				CE667AFA1A221BB300A0AC1B /* Pirate assignment */,
				CE667B141A221BB400A0AC1B /* Pirate assignmentTests */,
				CE667AF91A221BB300A0AC1B /* Products */,
			);
			sourceTree = "<group>";
		};
		CE667AF91A221BB300A0AC1B /* Products */ = {
			isa = PBXGroup;
			children = (
				CE667AF81A221BB300A0AC1B /* Pirate assignment.app */,
				CE667B111A221BB400A0AC1B /* Pirate assignmentTests.xctest */,
			);
			name = Products;
			sourceTree = "<group>";
		};
		CE667AFA1A221BB300A0AC1B /* Pirate assignment */ = {
			isa = PBXGroup;
			children = (
				CE667AFF1A221BB400A0AC1B /* AppDelegate.h */,
				CE667B001A221BB400A0AC1B /* AppDelegate.m */,
				CE667B021A221BB400A0AC1B /* ViewController.h */,
				CE667B031A221BB400A0AC1B /* ViewController.m */,
				CE667B051A221BB400A0AC1B /* Main.storyboard */,
				CE667B081A221BB400A0AC1B /* Images.xcassets */,
				CE667B0A1A221BB400A0AC1B /* LaunchScreen.xib */,
				CE667AFB1A221BB400A0AC1B /* Supporting Files */,
			);
			path = "Pirate assignment";
			sourceTree = "<group>";
		};
		CE667AFB1A221BB400A0AC1B /* Supporting Files */ = {
			isa = PBXGroup;
			children = (
				CE667AFC1A221BB400A0AC1B /* Info.plist */,
				CE667AFD1A221BB400A0AC1B /* main.m */,
			);
			name = "Supporting Files";
			sourceTree = "<group>";
		};
		CE667B141A221BB400A0AC1B /* Pirate assignmentTests */ = {
			isa = PBXGroup;
			children = (
				CE667B171A221BB400A0AC1B /* Pirate_assignmentTests.m */,
				CE667B151A221BB400A0AC1B /* Supporting Files */,
			);
			path = "Pirate assignmentTests";
			sourceTree = "<group>";
		};
		CE667B151A221BB400A0AC1B /* Supporting Files */ = {
			isa = PBXGroup;
			children = (
				CE667B161A221BB400A0AC1B /* Info.plist */,
			);
			name = "Supporting Files";
			sourceTree = "<group>";
		};
/* End PBXGroup section */

/* Begin PBXNativeTarget section */
		CE667AF71A221BB300A0AC1B /* Pirate assignment */ = {
			isa = PBXNativeTarget;
			buildConfigurationList = CE667B1B1A221BB400A0AC1B /* Build configuration list for PBXNativeTarget "Pirate assignment" */;
			buildPhases = (
				CE667AF41A221BB300A0AC1B /* Sources */,
				CE667AF51A221BB300A0AC1B /* Frameworks */,
				CE667AF61A221BB300A0AC1B /* Resources */,
			);
			buildRules = (
			);
			dependencies = (
			);
			name = "Pirate assignment";
			productName = "Pirate assignment";
			productReference = CE667AF81A221BB300A0AC1B /* Pirate assignment.app */;
			productType = "com.apple.product-type.application";
		};
		CE667B101A221BB400A0AC1B /* Pirate assignmentTests */ = {
			isa = PBXNativeTarget;
			buildConfigurationList = CE667B1E1A221BB400A0AC1B /* Build configuration list for PBXNativeTarget "Pirate assignmentTests" */;
			buildPhases = (
				CE667B0D1A221BB400A0AC1B /* Sources */,
				CE667B0E1A221BB400A0AC1B /* Frameworks */,
				CE667B0F1A221BB400A0AC1B /* Resources */,
			);
			buildRules = (
			);
			dependencies = (
				CE667B131A221BB400A0AC1B /* PBXTargetDependency */,
			);
			name = "Pirate assignmentTests";
			productName = "Pirate assignmentTests";
			productReference = CE667B111A221BB400A0AC1B /* Pirate assignmentTests.xctest */;
			productType = "com.apple.product-type.bundle.unit-test";
		};
/* End PBXNativeTarget section */

/* Begin PBXProject section */
		CE667AF01A221BB300A0AC1B /* Project object */ = {
			isa = PBXProject;
			attributes = {
				LastUpgradeCheck = 0610;
				ORGANIZATIONNAME = "Itamar Nakar";
				TargetAttributes = {
					CE667AF71A221BB300A0AC1B = {
						CreatedOnToolsVersion = 6.1;
					};
					CE667B101A221BB400A0AC1B = {
						CreatedOnToolsVersion = 6.1;
						TestTargetID = CE667AF71A221BB300A0AC1B;
					};
				};
			};
			buildConfigurationList = CE667AF31A221BB300A0AC1B /* Build configuration list for PBXProject "Pirate assignment" */;
			compatibilityVersion = "Xcode 3.2";
			developmentRegion = English;
			hasScannedForEncodings = 0;
			knownRegions = (
				en,
				Base,
			);
			mainGroup = CE667AEF1A221BB300A0AC1B;
			productRefGroup = CE667AF91A221BB300A0AC1B /* Products */;
			projectDirPath = "";
			projectRoot = "";
			targets = (
				CE667AF71A221BB300A0AC1B /* Pirate assignment */,
				CE667B101A221BB400A0AC1B /* Pirate assignmentTests */,
			);
		};
/* End PBXProject section */

/* Begin PBXResourcesBuildPhase section */
		CE667AF61A221BB300A0AC1B /* Resources */ = {
			isa = PBXResourcesBuildPhase;
			buildActionMask = 2147483647;
			files = (
				CE667B071A221BB400A0AC1B /* Main.storyboard in Resources */,
				CE667B0C1A221BB400A0AC1B /* LaunchScreen.xib in Resources */,
				CE667B091A221BB400A0AC1B /* Images.xcassets in Resources */,
			);
			runOnlyForDeploymentPostprocessing = 0;
		};
		CE667B0F1A221BB400A0AC1B /* Resources */ = {
			isa = PBXResourcesBuildPhase;
			buildActionMask = 2147483647;
			files = (
			);
			runOnlyForDeploymentPostprocessing = 0;
		};
/* End PBXResourcesBuildPhase section */

/* Begin PBXSourcesBuildPhase section */
		CE667AF41A221BB300A0AC1B /* Sources */ = {
			isa = PBXSourcesBuildPhase;
			buildActionMask = 2147483647;
			files = (
				CE667B041A221BB400A0AC1B /* ViewController.m in Sources */,
				CE667B011A221BB400A0AC1B /* AppDelegate.m in Sources */,
				CE667AFE1A221BB400A0AC1B /* main.m in Sources */,
			);
			runOnlyForDeploymentPostprocessing = 0;
		};
		CE667B0D1A221BB400A0AC1B /* Sources */ = {
			isa = PBXSourcesBuildPhase;
			buildActionMask = 2147483647;
			files = (
				CE667B181A221BB400A0AC1B /* Pirate_assignmentTests.m in Sources */,
			);
			runOnlyForDeploymentPostprocessing = 0;
		};
/* End PBXSourcesBuildPhase section */

/* Begin PBXTargetDependency section */
		CE667B131A221BB400A0AC1B /* PBXTargetDependency */ = {
			isa = PBXTargetDependency;
			target = CE667AF71A221BB300A0AC1B /* Pirate assignment */;
			targetProxy = CE667B121A221BB400A0AC1B /* PBXContainerItemProxy */;
		};
/* End PBXTargetDependency section */

/* Begin PBXVariantGroup section */
		CE667B051A221BB400A0AC1B /* Main.storyboard */ = {
			isa = PBXVariantGroup;
			children = (
				CE667B061A221BB400A0AC1B /* Base */,
			);
			name = Main.storyboard;
			sourceTree = "<group>";
		};
		CE667B0A1A221BB400A0AC1B /* LaunchScreen.xib */ = {
			isa = PBXVariantGroup;
			children = (
				CE667B0B1A221BB400A0AC1B /* Base */,
			);
			name = LaunchScreen.xib;
			sourceTree = "<group>";
		};
/* End PBXVariantGroup section */

/* Begin XCBuildConfiguration section */
		CE667B191A221BB400A0AC1B /* Debug */ = {
			isa = XCBuildConfiguration;
			buildSettings = {
				ALWAYS_SEARCH_USER_PATHS = NO;
				CLANG_CXX_LANGUAGE_STANDARD = "gnu++0x";
				CLANG_CXX_LIBRARY = "libc++";
				CLANG_ENABLE_MODULES = YES;
				CLANG_ENABLE_OBJC_ARC = YES;
				CLANG_WARN_BOOL_CONVERSION = YES;
				CLANG_WARN_CONSTANT_CONVERSION = YES;
				CLANG_WARN_DIRECT_OBJC_ISA_USAGE = YES_ERROR;
				CLANG_WARN_EMPTY_BODY = YES;
				CLANG_WARN_ENUM_CONVERSION = YES;
				CLANG_WARN_INT_CONVERSION = YES;
				CLANG_WARN_OBJC_ROOT_CLASS = YES_ERROR;
				CLANG_WARN_UNREACHABLE_CODE = YES;
				CLANG_WARN__DUPLICATE_METHOD_MATCH = YES;
				"CODE_SIGN_IDENTITY[sdk=iphoneos*]" = "iPhone Developer";
				COPY_PHASE_STRIP = NO;
				ENABLE_STRICT_OBJC_MSGSEND = YES;
				GCC_C_LANGUAGE_STANDARD = gnu99;
				GCC_DYNAMIC_NO_PIC = NO;
				GCC_OPTIMIZATION_LEVEL = 0;
				GCC_PREPROCESSOR_DEFINITIONS = (
					"DEBUG=1",
					"$(inherited)",
				);
				GCC_SYMBOLS_PRIVATE_EXTERN = NO;
				GCC_WARN_64_TO_32_BIT_CONVERSION = YES;
				GCC_WARN_ABOUT_RETURN_TYPE = YES_ERROR;
				GCC_WARN_UNDECLARED_SELECTOR = YES;
				GCC_WARN_UNINITIALIZED_AUTOS = YES_AGGRESSIVE;
				GCC_WARN_UNUSED_FUNCTION = YES;
				GCC_WARN_UNUSED_VARIABLE = YES;
				IPHONEOS_DEPLOYMENT_TARGET = 8.1;
				MTL_ENABLE_DEBUG_INFO = YES;
				ONLY_ACTIVE_ARCH = YES;
				SDKROOT = iphoneos;
			};
			name = Debug;
		};
		CE667B1A1A221BB400A0AC1B /* Release */ = {
			isa = XCBuildConfiguration;
			buildSettings = {
				ALWAYS_SEARCH_USER_PATHS = NO;
				CLANG_CXX_LANGUAGE_STANDARD = "gnu++0x";
				CLANG_CXX_LIBRARY = "libc++";
				CLANG_ENABLE_MODULES = YES;
				CLANG_ENABLE_OBJC_ARC = YES;
				CLANG_WARN_BOOL_CONVERSION = YES;
				CLANG_WARN_CONSTANT_CONVERSION = YES;
				CLANG_WARN_DIRECT_OBJC_ISA_USAGE = YES_ERROR;
				CLANG_WARN_EMPTY_BODY = YES;
				CLANG_WARN_ENUM_CONVERSION = YES;
				CLANG_WARN_INT_CONVERSION = YES;
				CLANG_WARN_OBJC_ROOT_CLASS = YES_ERROR;
				CLANG_WARN_UNREACHABLE_CODE = YES;
				CLANG_WARN__DUPLICATE_METHOD_MATCH = YES;
				"CODE_SIGN_IDENTITY[sdk=iphoneos*]" = "iPhone Developer";
				COPY_PHASE_STRIP = YES;
				ENABLE_NS_ASSERTIONS = NO;
				ENABLE_STRICT_OBJC_MSGSEND = YES;
				GCC_C_LANGUAGE_STANDARD = gnu99;
				GCC_WARN_64_TO_32_BIT_CONVERSION = YES;
				GCC_WARN_ABOUT_RETURN_TYPE = YES_ERROR;
				GCC_WARN_UNDECLARED_SELECTOR = YES;
				GCC_WARN_UNINITIALIZED_AUTOS = YES_AGGRESSIVE;
				GCC_WARN_UNUSED_FUNCTION = YES;
				GCC_WARN_UNUSED_VARIABLE = YES;
				IPHONEOS_DEPLOYMENT_TARGET = 8.1;
				MTL_ENABLE_DEBUG_INFO = NO;
				SDKROOT = iphoneos;
				VALIDATE_PRODUCT = YES;
			};
			name = Release;
		};
		CE667B1C1A221BB400A0AC1B /* Debug */ = {
			isa = XCBuildConfiguration;
			buildSettings = {
				ASSETCATALOG_COMPILER_APPICON_NAME = AppIcon;
				INFOPLIST_FILE = "Pirate assignment/Info.plist";
				LD_RUNPATH_SEARCH_PATHS = "$(inherited) @executable_path/Frameworks";
				PRODUCT_NAME = "$(TARGET_NAME)";
			};
			name = Debug;
		};
		CE667B1D1A221BB400A0AC1B /* Release */ = {
			isa = XCBuildConfiguration;
			buildSettings = {
				ASSETCATALOG_COMPILER_APPICON_NAME = AppIcon;
				INFOPLIST_FILE = "Pirate assignment/Info.plist";
				LD_RUNPATH_SEARCH_PATHS = "$(inherited) @executable_path/Frameworks";
				PRODUCT_NAME = "$(TARGET_NAME)";
			};
			name = Release;
		};
		CE667B1F1A221BB400A0AC1B /* Debug */ = {
			isa = XCBuildConfiguration;
			buildSettings = {
				BUNDLE_LOADER = "$(TEST_HOST)";
				FRAMEWORK_SEARCH_PATHS = (
					"$(SDKROOT)/Developer/Library/Frameworks",
					"$(inherited)",
				);
				GCC_PREPROCESSOR_DEFINITIONS = (
					"DEBUG=1",
					"$(inherited)",
				);
				INFOPLIST_FILE = "Pirate assignmentTests/Info.plist";
				LD_RUNPATH_SEARCH_PATHS = "$(inherited) @executable_path/Frameworks @loader_path/Frameworks";
				PRODUCT_NAME = "$(TARGET_NAME)";
				TEST_HOST = "$(BUILT_PRODUCTS_DIR)/Pirate assignment.app/Pirate assignment";
			};
			name = Debug;
		};
		CE667B201A221BB400A0AC1B /* Release */ = {
			isa = XCBuildConfiguration;
			buildSettings = {
				BUNDLE_LOADER = "$(TEST_HOST)";
				FRAMEWORK_SEARCH_PATHS = (
					"$(SDKROOT)/Developer/Library/Frameworks",
					"$(inherited)",
				);
				INFOPLIST_FILE = "Pirate assignmentTests/Info.plist";
				LD_RUNPATH_SEARCH_PATHS = "$(inherited) @executable_path/Frameworks @loader_path/Frameworks";
				PRODUCT_NAME = "$(TARGET_NAME)";
				TEST_HOST = "$(BUILT_PRODUCTS_DIR)/Pirate assignment.app/Pirate assignment";
			};
			name = Release;
		};
/* End XCBuildConfiguration section */

/* Begin XCConfigurationList section */
		CE667AF31A221BB300A0AC1B /* Build configuration list for PBXProject "Pirate assignment" */ = {
			isa = XCConfigurationList;
			buildConfigurations = (
				CE667B191A221BB400A0AC1B /* Debug */,
				CE667B1A1A221BB400A0AC1B /* Release */,
			);
			defaultConfigurationIsVisible = 0;
			defaultConfigurationName = Release;
		};
		CE667B1B1A221BB400A0AC1B /* Build configuration list for PBXNativeTarget "Pirate assignment" */ = {
			isa = XCConfigurationList;
			buildConfigurations = (
				CE667B1C1A221BB400A0AC1B /* Debug */,
				CE667B1D1A221BB400A0AC1B /* Release */,
			);
			defaultConfigurationIsVisible = 0;
		};
		CE667B1E1A221BB400A0AC1B /* Build configuration list for PBXNativeTarget "Pirate assignmentTests" */ = {
			isa = XCConfigurationList;
			buildConfigurations = (
				CE667B1F1A221BB400A0AC1B /* Debug */,
				CE667B201A221BB400A0AC1B /* Release */,
			);
			defaultConfigurationIsVisible = 0;
		};
/* End XCConfigurationList section */
	};
	rootObject = CE667AF01A221BB300A0AC1B /* Project object */;
}
